{
  "pins" : [
    {
      "identity" : "chronometer",
      "kind" : "remoteSourceControl",
      "location" : "https://github.com/KittyMac/Chronometer.git",
      "state" : {
        "revision" : "742a6a58714e6c134d635abc589dbca9526099c3",
        "version" : "0.1.9"
      }
    },
    {
      "identity" : "hitch",
      "kind" : "remoteSourceControl",
      "location" : "https://github.com/KittyMac/Hitch.git",
      "state" : {
        "revision" : "377070db13a48be7564d456e7262ee2cb5f68de7",
        "version" : "0.4.110"
      }
    }
  ],
  "version" : 2
}
